
Microsoft Visual Studio Solution File, Format Version 12.00
# Visual Studio 15
VisualStudioVersion = 15.0.27004.2005
MinimumVisualStudioVersion = 10.0.40219.1
Project("{FAE04EC0-301F-11D3-BF4B-00C04F79EFBC}") = "NeoContractTester", "NeoContractTester\NeoContractTester.csproj", "{7BC9120F-4C9C-4583-AF81-4C172CC25DDD}"
EndProject
Global
	GlobalSection(SolutionConfigurationPlatforms) = preSolution
		Debug|Any CPU = Debug|Any CPU
		Release|Any CPU = Release|Any CPU
	EndGlobalSection
	GlobalSection(ProjectConfigurationPlatforms) = postSolution
		{7BC9120F-4C9C-4583-AF81-4C172CC25DDD}.Debug|Any CPU.ActiveCfg = Debug|Any CPU
		{7BC9120F-4C9C-4583-AF81-4C172CC25DDD}.Debug|Any CPU.Build.0 = Debug|Any CPU
		{7BC9120F-4C9C-4583-AF81-4C172CC25DDD}.Release|Any CPU.ActiveCfg = Release|Any CPU
		{7BC9120F-4C9C-4583-AF81-4C172CC25DDD}.Release|Any CPU.Build.0 = Release|Any CPU
	EndGlobalSection
	GlobalSection(SolutionProperties) = preSolution
		HideSolutionNode = FALSE
	EndGlobalSection
	GlobalSection(ExtensibilityGlobals) = postSolution
		SolutionGuid = {F0A3603D-BAD5-4BB1-8696-88B4FCA8D0EA}
	EndGlobalSection
EndGlobal
